// !$*UTF8*$!
{
	archiveVersion = 1;
	classes = {
	};
	objectVersion = 56;
	objects = {

/* Begin PBXBuildFile section */
		0179AB18E2362BEF44DDFCA2 /* RadarMapCompositor.swift in Sources */ = {isa = PBXBuildFile; fileRef = 483E0E27B80541A687092179 /* RadarMapCompositor.swift */; };
		0B20A334AA1FE3314940526C /* DirectionalCityService.swift in Sources */ = {isa = PBXBuildFile; fileRef = 1311D88F8BCB7E6528F708FD /* DirectionalCityService.swift */; };
		0DAD633B8809CC763659B61B /* RadarStationsService.swift in Sources */ = {isa = PBXBuildFile; fileRef = 4941F8FD3DCE8B73C132ADF0 /* RadarStationsService.swift */; };
		176561BEB72641E7B5F47493 /* AppIntents.framework in Frameworks */ = {isa = PBXBuildFile; fileRef = 49EECCC9A0A5E1827615BB91 /* AppIntents.framework */; };
		1B432C3769D295CC48BCAE90 /* AirQuality.swift in Sources */ = {isa = PBXBuildFile; fileRef = 57F7AA7AF3FE872B7FC17BD5 /* AirQuality.swift */; };
		1EA38206A8F8117706BC1BE1 /* UserGuideView.swift in Sources */ = {isa = PBXBuildFile; fileRef = 9BE8987965BEC94AF7BD11D7 /* UserGuideView.swift */; };
		2053823E0BCEF2EC5988EE6B /* AirQualityView.swift in Sources */ = {isa = PBXBuildFile; fileRef = 775CE8ABBD916C27DDAC2F8E /* AirQualityView.swift */; };
		21615169040A120F379786F1 /* WeatherHelpers.swift in Sources */ = {isa = PBXBuildFile; fileRef = 3B7B06EFA7D170A6D9BA8847 /* WeatherHelpers.swift */; };
		43C14264008A7B9868879DDA /* FastWeatherWidget.swift in Sources */ = {isa = PBXBuildFile; fileRef = 095B302C4BF1267E4CB60AE1 /* FastWeatherWidget.swift */; };
		48D63FB9D9401016710AB740 /* RadarLoopService.swift in Sources */ = {isa = PBXBuildFile; fileRef = 55134765C18AD8834DA651D4 /* RadarLoopService.swift */; };
		4A6D0D115A976039A83A189E /* FeatureFlags.swift in Sources */ = {isa = PBXBuildFile; fileRef = 486EDF8DF974A3A8043714DD /* FeatureFlags.swift */; };
		4B07E53F90DD3EA9329F2D45 /* WeatherCache.swift in Sources */ = {isa = PBXBuildFile; fileRef = A5456D76628AB29EB3D6E266 /* WeatherCache.swift */; };
		4D0C3D7F2B79D81702BFFF57 /* BrowseModels.swift in Sources */ = {isa = PBXBuildFile; fileRef = CD557832C1BCA3C9AA2DF4EF /* BrowseModels.swift */; };
		5BF7DE3C2398278205064E2B /* AlertBrowserView.swift in Sources */ = {isa = PBXBuildFile; fileRef = C0DB44AB014963809D9F8AB2 /* AlertBrowserView.swift */; };
		62CB858A1D1017158A62BC44 /* RadarService.swift in Sources */ = {isa = PBXBuildFile; fileRef = 0EED081CD8BA9AD9146E4318 /* RadarService.swift */; };
		6B0A5D23AB1E6BAB93B5BCED /* MoonCalculator.swift in Sources */ = {isa = PBXBuildFile; fileRef = 2DEF54F1AE97F7891D18FB90 /* MoonCalculator.swift */; };
		6CA5EB93D785DE05210F375A /* DeveloperSettingsView.swift in Sources */ = {isa = PBXBuildFile; fileRef = A5F0E524751DEEAE77391AD2 /* DeveloperSettingsView.swift */; };
		6F460C5A4802F9FDD2625094 /* ServicePersistenceTests.swift in Sources */ = {isa = PBXBuildFile; fileRef = 378A45EA047D556C10D957F1 /* ServicePersistenceTests.swift */; };
		7091267C522DEA6481F187ED /* AirQualityService.swift in Sources */ = {isa = PBXBuildFile; fileRef = ABCDED0ABD51C18F51168639 /* AirQualityService.swift */; };
		712DFE4BE25CBCDDED5D6DF3 /* AppGroup.swift in Sources */ = {isa = PBXBuildFile; fileRef = 80554E71E10D5B842963E4AF /* AppGroup.swift */; };
		760E23D31B9BFAC65DCE36EA /* Foundation.framework in Frameworks */ = {isa = PBXBuildFile; fileRef = 63BC18B80FA54B507B3AD22C /* Foundation.framework */; };
		79EF625047D4C75BD3B73614 /* BrowseFavorite.swift in Sources */ = {isa = PBXBuildFile; fileRef = 541AC6972702454065BAC379 /* BrowseFavorite.swift */; };
		7B789880182BB3780DACFD9E /* DateParserTests.swift in Sources */ = {isa = PBXBuildFile; fileRef = 84585CC21719C6078A0B9F83 /* DateParserTests.swift */; };
		8524BA4DE11491F95533C5A7 /* BrowseRadarStationsView.swift in Sources */ = {isa = PBXBuildFile; fileRef = 94464C9A6FA6CAFFFFF4A9D5 /* BrowseRadarStationsView.swift */; };
		85468083C7B9028D150DEF80 /* WidgetViews.swift in Sources */ = {isa = PBXBuildFile; fileRef = 2F1C0121EB82A3FC69A6DB53 /* WidgetViews.swift */; };
		90B76CB12EE73F0BF533980A /* HistoricalWeatherCache.swift in Sources */ = {isa = PBXBuildFile; fileRef = 808AC3615E6E747E006B95C9 /* HistoricalWeatherCache.swift */; };
		90D52D117D0218E839582F9C /* AlertBrowserService.swift in Sources */ = {isa = PBXBuildFile; fileRef = CE56BAD519A834059D39FAD4 /* AlertBrowserService.swift */; };
		936F0EBB42AF986505E6F18D /* WeatherMovementAnalyzer.swift in Sources */ = {isa = PBXBuildFile; fileRef = 2FACFB641A124BC50AA47A82 /* WeatherMovementAnalyzer.swift */; };
		9F1395A855E67E4CD72DF55C /* ECCCRadarService.swift in Sources */ = {isa = PBXBuildFile; fileRef = E076E6A8BAC7AFA878BC31F9 /* ECCCRadarService.swift */; };
		A10000001 /* WeatherFastApp.swift in Sources */ = {isa = PBXBuildFile; fileRef = A10000000 /* WeatherFastApp.swift */; };
		A10000003 /* ContentView.swift in Sources */ = {isa = PBXBuildFile; fileRef = A10000002 /* ContentView.swift */; };
		A10000005 /* City.swift in Sources */ = {isa = PBXBuildFile; fileRef = A10000004 /* City.swift */; };
		A10000007 /* Weather.swift in Sources */ = {isa = PBXBuildFile; fileRef = A10000006 /* Weather.swift */; };
		A10000009 /* Settings.swift in Sources */ = {isa = PBXBuildFile; fileRef = A10000008 /* Settings.swift */; };
		A1000000B /* WeatherService.swift in Sources */ = {isa = PBXBuildFile; fileRef = A1000000A /* WeatherService.swift */; };
		A1000000D /* SettingsManager.swift in Sources */ = {isa = PBXBuildFile; fileRef = A1000000C /* SettingsManager.swift */; };
		A1000000F /* CityDataService.swift in Sources */ = {isa = PBXBuildFile; fileRef = A1000000E /* CityDataService.swift */; };
		A10000011 /* MyCitiesView.swift in Sources */ = {isa = PBXBuildFile; fileRef = A10000010 /* MyCitiesView.swift */; };
		A10000013 /* FlatView.swift in Sources */ = {isa = PBXBuildFile; fileRef = A10000012 /* FlatView.swift */; };
		A10000015 /* TableView.swift in Sources */ = {isa = PBXBuildFile; fileRef = A10000014 /* TableView.swift */; };
		A10000017 /* ListView.swift in Sources */ = {isa = PBXBuildFile; fileRef = A10000016 /* ListView.swift */; };
		A10000019 /* BrowseCitiesView.swift in Sources */ = {isa = PBXBuildFile; fileRef = A10000018 /* BrowseCitiesView.swift */; };
		A1000001B /* StateCitiesView.swift in Sources */ = {isa = PBXBuildFile; fileRef = A1000001A /* StateCitiesView.swift */; };
		A1000001D /* CityDetailView.swift in Sources */ = {isa = PBXBuildFile; fileRef = A1000001C /* CityDetailView.swift */; };
		A1000001F /* SettingsView.swift in Sources */ = {isa = PBXBuildFile; fileRef = A1000001E /* SettingsView.swift */; };
		A10000021 /* us-cities-cached.json in Resources */ = {isa = PBXBuildFile; fileRef = A10000020 /* us-cities-cached.json */; };
		A10000023 /* international-cities-cached.json in Resources */ = {isa = PBXBuildFile; fileRef = A10000022 /* international-cities-cached.json */; };
		A10000025 /* AddCitySearchView.swift in Sources */ = {isa = PBXBuildFile; fileRef = A10000026 /* AddCitySearchView.swift */; };
		A10000028 /* Assets.xcassets in Resources */ = {isa = PBXBuildFile; fileRef = A10000027 /* Assets.xcassets */; };
		A10000029 /* PrivacyInfo.xcprivacy in Resources */ = {isa = PBXBuildFile; fileRef = A1000002A /* PrivacyInfo.xcprivacy */; };
		A1000002C /* AccessibleTableBridge.swift in Sources */ = {isa = PBXBuildFile; fileRef = A1000002B /* AccessibleTableBridge.swift */; };
		A1000ALERTB1 /* WeatherAlert.swift in Sources */ = {isa = PBXBuildFile; fileRef = A1000ALERT1 /* WeatherAlert.swift */; };
		A1000ALERTB2 /* AlertDetailView.swift in Sources */ = {isa = PBXBuildFile; fileRef = A1000ALERT2 /* AlertDetailView.swift */; };
		A1000DAYDVB1 /* DayDetailView.swift in Sources */ = {isa = PBXBuildFile; fileRef = A1000DAYDV1 /* DayDetailView.swift */; };
		A1000HISTB1 /* HistoricalWeather.swift in Sources */ = {isa = PBXBuildFile; fileRef = A1000HIST1 /* HistoricalWeather.swift */; };
		A1000HISTB3 /* HistoricalWeatherView.swift in Sources */ = {isa = PBXBuildFile; fileRef = A1000HIST3 /* HistoricalWeatherView.swift */; };
		A1000MYDCB1 /* MyDataCatalog.swift in Sources */ = {isa = PBXBuildFile; fileRef = A1000MYDC1 /* MyDataCatalog.swift */; };
		A1000MYDVB1 /* MyDataConfigView.swift in Sources */ = {isa = PBXBuildFile; fileRef = A1000MYDV1 /* MyDataConfigView.swift */; };
		A1000WARMB1 /* WeatherAroundMeView.swift in Sources */ = {isa = PBXBuildFile; fileRef = A1000WARM1 /* WeatherAroundMeView.swift */; };
		A1000WARMB2 /* RegionalWeatherService.swift in Sources */ = {isa = PBXBuildFile; fileRef = A1000WARM2 /* RegionalWeatherService.swift */; };
		A1MYLOC002 /* MyLocationService.swift in Sources */ = {isa = PBXBuildFile; fileRef = A1MYLOC001 /* MyLocationService.swift */; };
		A6886D9C7A65040E1717E6A4 /* FormatHelperTests.swift in Sources */ = {isa = PBXBuildFile; fileRef = A6EEC9A0A5A7E9A8E6CDB3BB /* FormatHelperTests.swift */; };
		AABCDEF02 /* Secrets.swift in Sources */ = {isa = PBXBuildFile; fileRef = AABCDEF01 /* Secrets.swift */; };
		AAE791FC717973BF6D2C064A /* AppGroup.swift in Sources */ = {isa = PBXBuildFile; fileRef = 80554E71E10D5B842963E4AF /* AppGroup.swift */; };
		AE03796A87F6E9395DD6C77C /* BrowseFavoritesService.swift in Sources */ = {isa = PBXBuildFile; fileRef = 132665BE8B6FD8F918BD1E26 /* BrowseFavoritesService.swift */; };
		B1D8458D8AB3552F7551C408 /* OpenMeteoAPIParameterTests.swift in Sources */ = {isa = PBXBuildFile; fileRef = A7B6A9FB3E7C71BD604A655F /* OpenMeteoAPIParameterTests.swift */; };
		B2EF94930A8E3C08A709BF76 /* WidgetWeatherFetcher.swift in Sources */ = {isa = PBXBuildFile; fileRef = 64A90FF007F030B06604F932 /* WidgetWeatherFetcher.swift */; };
		B7BC708B8C09ACE7679EAB9B /* RadarLoopView.swift in Sources */ = {isa = PBXBuildFile; fileRef = CF16741F882DA9F40F06E0C7 /* RadarLoopView.swift */; };
		BB100001A1 /* HistoricalDateParsingTests.swift in Sources */ = {isa = PBXBuildFile; fileRef = BB100001A0 /* HistoricalDateParsingTests.swift */; };
		BB100002A1 /* ViewConfigurationTests.swift in Sources */ = {isa = PBXBuildFile; fileRef = BB100002A0 /* ViewConfigurationTests.swift */; };
		BB100003A1 /* UnitConversionTests.swift in Sources */ = {isa = PBXBuildFile; fileRef = BB100003A0 /* UnitConversionTests.swift */; };
		BF662C2E13A50213B31C9282 /* Foundation.framework in Frameworks */ = {isa = PBXBuildFile; fileRef = 63BC18B80FA54B507B3AD22C /* Foundation.framework */; };
		C43F5923BEACC18BF31DFC99 /* FastWeatherWidget.appex in Embed Foundation Extensions */ = {isa = PBXBuildFile; fileRef = A62CB507C34F8584AF86B4EB /* FastWeatherWidget.appex */; settings = {ATTRIBUTES = (CodeSignOnCopy, RemoveHeadersOnCopy, ); }; };
		C519090C63979E9D3FF76BB3 /* WidgetKit.framework in Frameworks */ = {isa = PBXBuildFile; fileRef = 9818FBD3FF2904F98C9AF0C5 /* WidgetKit.framework */; };
		CE046B003A58C6559345F3A6 /* SwiftUI.framework in Frameworks */ = {isa = PBXBuildFile; fileRef = 1E5E353DA647F3B0B2671055 /* SwiftUI.framework */; };
		DDE8934756296D5F550CA283 /* IEMRadarService.swift in Sources */ = {isa = PBXBuildFile; fileRef = EAE9174757126A0D261036F0 /* IEMRadarService.swift */; };
		E41FA69A048BFD0F634DB005 /* RadarView.swift in Sources */ = {isa = PBXBuildFile; fileRef = 343FB8C597ECDBB8F82B9D13 /* RadarView.swift */; };
		E4F1B4B29C76E05475F84205 /* AppLogger.swift in Sources */ = {isa = PBXBuildFile; fileRef = 582B5A12CF76291E75D023B0 /* AppLogger.swift */; };
		FCF060427E69A6D68459749C /* LocationService.swift in Sources */ = {isa = PBXBuildFile; fileRef = F83A2A75D10D105C7225AE79 /* LocationService.swift */; };
		FFDCDC0E6C3FE2E629DA343D /* CountryNames.swift in Sources */ = {isa = PBXBuildFile; fileRef = 91C990465E49C005E87F407B /* CountryNames.swift */; };
		ICLOUD0001B /* iCloudSyncService.swift in Sources */ = {isa = PBXBuildFile; fileRef = ICLOUD0001 /* iCloudSyncService.swift */; };
/* End PBXBuildFile section */

/* Begin PBXContainerItemProxy section */
		30F357FF09FED238A8CDDA10 /* PBXContainerItemProxy */ = {
			isa = PBXContainerItemProxy;
			containerPortal = A0FFFFFB1 /* Project object */;
			proxyType = 1;
			remoteGlobalIDString = A0FFFFFEF;
			remoteInfo = FastWeather;
		};
		68D5F99C5A6DE79DB3BA8067 /* PBXContainerItemProxy */ = {
			isa = PBXContainerItemProxy;
			containerPortal = A0FFFFFB1 /* Project object */;
			proxyType = 1;
			remoteGlobalIDString = 78753393B640418CDD9404BE;
			remoteInfo = FastWeatherWidget;
		};
/* End PBXContainerItemProxy section */

/* Begin PBXCopyFilesBuildPhase section */
		1D2E2F8B27F8602CDCBE7D46 /* Embed Foundation Extensions */ = {
			isa = PBXCopyFilesBuildPhase;
			buildActionMask = 2147483647;
			dstPath = "";
			dstSubfolderSpec = 13;
			files = (
				C43F5923BEACC18BF31DFC99 /* FastWeatherWidget.appex in Embed Foundation Extensions */,
			);
			name = "Embed Foundation Extensions";
			runOnlyForDeploymentPostprocessing = 0;
		};
/* End PBXCopyFilesBuildPhase section */

/* Begin PBXFileReference section */
		095B302C4BF1267E4CB60AE1 /* FastWeatherWidget.swift */ = {isa = PBXFileReference; includeInIndex = 1; lastKnownFileType = sourcecode.swift; path = FastWeatherWidget.swift; sourceTree = "<group>"; };
		0EED081CD8BA9AD9146E4318 /* RadarService.swift */ = {isa = PBXFileReference; includeInIndex = 1; lastKnownFileType = sourcecode.swift; path = RadarService.swift; sourceTree = "<group>"; };
		1311D88F8BCB7E6528F708FD /* DirectionalCityService.swift */ = {isa = PBXFileReference; includeInIndex = 1; lastKnownFileType = sourcecode.swift; path = DirectionalCityService.swift; sourceTree = "<group>"; };
		132665BE8B6FD8F918BD1E26 /* BrowseFavoritesService.swift */ = {isa = PBXFileReference; includeInIndex = 1; lastKnownFileType = sourcecode.swift; path = BrowseFavoritesService.swift; sourceTree = "<group>"; };
		1402523D7CA83670A0D6BAF8 /* FastWeatherTests.xctest */ = {isa = PBXFileReference; explicitFileType = wrapper.cfbundle; includeInIndex = 0; path = FastWeatherTests.xctest; sourceTree = BUILT_PRODUCTS_DIR; };
		1E5E353DA647F3B0B2671055 /* SwiftUI.framework */ = {isa = PBXFileReference; lastKnownFileType = wrapper.framework; path = SwiftUI.framework; sourceTree = SDKROOT; };
		2DEF54F1AE97F7891D18FB90 /* MoonCalculator.swift */ = {isa = PBXFileReference; includeInIndex = 1; lastKnownFileType = sourcecode.swift; path = MoonCalculator.swift; sourceTree = "<group>"; };
		2F1C0121EB82A3FC69A6DB53 /* WidgetViews.swift */ = {isa = PBXFileReference; includeInIndex = 1; lastKnownFileType = sourcecode.swift; path = WidgetViews.swift; sourceTree = "<group>"; };
		2FACFB641A124BC50AA47A82 /* WeatherMovementAnalyzer.swift */ = {isa = PBXFileReference; includeInIndex = 1; lastKnownFileType = sourcecode.swift; path = WeatherMovementAnalyzer.swift; sourceTree = "<group>"; };
		343FB8C597ECDBB8F82B9D13 /* RadarView.swift */ = {isa = PBXFileReference; includeInIndex = 1; lastKnownFileType = sourcecode.swift; path = RadarView.swift; sourceTree = "<group>"; };
		378A45EA047D556C10D957F1 /* ServicePersistenceTests.swift */ = {isa = PBXFileReference; includeInIndex = 1; lastKnownFileType = sourcecode.swift; name = ServicePersistenceTests.swift; path = FastWeatherTests/ServicePersistenceTests.swift; sourceTree = "<group>"; };
		3B7B06EFA7D170A6D9BA8847 /* WeatherHelpers.swift */ = {isa = PBXFileReference; includeInIndex = 1; lastKnownFileType = sourcecode.swift; path = WeatherHelpers.swift; sourceTree = "<group>"; };
		483E0E27B80541A687092179 /* RadarMapCompositor.swift */ = {isa = PBXFileReference; includeInIndex = 1; lastKnownFileType = sourcecode.swift; path = RadarMapCompositor.swift; sourceTree = "<group>"; };
		486EDF8DF974A3A8043714DD /* FeatureFlags.swift */ = {isa = PBXFileReference; includeInIndex = 1; lastKnownFileType = sourcecode.swift; path = FeatureFlags.swift; sourceTree = "<group>"; };
		4941F8FD3DCE8B73C132ADF0 /* RadarStationsService.swift */ = {isa = PBXFileReference; includeInIndex = 1; lastKnownFileType = sourcecode.swift; path = RadarStationsService.swift; sourceTree = "<group>"; };
		49EECCC9A0A5E1827615BB91 /* AppIntents.framework */ = {isa = PBXFileReference; lastKnownFileType = wrapper.framework; path = AppIntents.framework; sourceTree = SDKROOT; };
		4E6A0C727A6B492D420AB4DD /* FastWeatherWidget.entitlements */ = {isa = PBXFileReference; includeInIndex = 1; lastKnownFileType = text.plist.entitlements; path = FastWeatherWidget.entitlements; sourceTree = "<group>"; };
		541AC6972702454065BAC379 /* BrowseFavorite.swift */ = {isa = PBXFileReference; includeInIndex = 1; lastKnownFileType = sourcecode.swift; path = BrowseFavorite.swift; sourceTree = "<group>"; };
		55134765C18AD8834DA651D4 /* RadarLoopService.swift */ = {isa = PBXFileReference; includeInIndex = 1; lastKnownFileType = sourcecode.swift; path = RadarLoopService.swift; sourceTree = "<group>"; };
		57F7AA7AF3FE872B7FC17BD5 /* AirQuality.swift */ = {isa = PBXFileReference; includeInIndex = 1; lastKnownFileType = sourcecode.swift; path = AirQuality.swift; sourceTree = "<group>"; };
		582B5A12CF76291E75D023B0 /* AppLogger.swift */ = {isa = PBXFileReference; includeInIndex = 1; lastKnownFileType = sourcecode.swift; path = AppLogger.swift; sourceTree = "<group>"; };
		5C214A72B9AB146E98AAFD1B /* DeveloperSettingsView.swift */ = {isa = PBXFileReference; includeInIndex = 1; lastKnownFileType = sourcecode.swift; path = DeveloperSettingsView.swift; sourceTree = "<group>"; };
		63BC18B80FA54B507B3AD22C /* Foundation.framework */ = {isa = PBXFileReference; lastKnownFileType = wrapper.framework; name = Foundation.framework; path = Platforms/iPhoneOS.platform/Developer/SDKs/iPhoneOS18.0.sdk/System/Library/Frameworks/Foundation.framework; sourceTree = DEVELOPER_DIR; };
		64A90FF007F030B06604F932 /* WidgetWeatherFetcher.swift */ = {isa = PBXFileReference; includeInIndex = 1; lastKnownFileType = sourcecode.swift; path = WidgetWeatherFetcher.swift; sourceTree = "<group>"; };
		775CE8ABBD916C27DDAC2F8E /* AirQualityView.swift */ = {isa = PBXFileReference; includeInIndex = 1; lastKnownFileType = sourcecode.swift; path = AirQualityView.swift; sourceTree = "<group>"; };
		80554E71E10D5B842963E4AF /* AppGroup.swift */ = {isa = PBXFileReference; includeInIndex = 1; lastKnownFileType = sourcecode.swift; path = AppGroup.swift; sourceTree = "<group>"; };
		808AC3615E6E747E006B95C9 /* HistoricalWeatherCache.swift */ = {isa = PBXFileReference; includeInIndex = 1; lastKnownFileType = sourcecode.swift; path = HistoricalWeatherCache.swift; sourceTree = "<group>"; };
		84585CC21719C6078A0B9F83 /* DateParserTests.swift */ = {isa = PBXFileReference; includeInIndex = 1; lastKnownFileType = sourcecode.swift; name = DateParserTests.swift; path = FastWeatherTests/DateParserTests.swift; sourceTree = "<group>"; };
		85875A99B89892AAE4709A31 /* Info.plist */ = {isa = PBXFileReference; includeInIndex = 1; lastKnownFileType = text.plist.xml; name = Info.plist; path = FastWeatherTests/Info.plist; sourceTree = "<group>"; };
		91C990465E49C005E87F407B /* CountryNames.swift */ = {isa = PBXFileReference; includeInIndex = 1; lastKnownFileType = sourcecode.swift; path = CountryNames.swift; sourceTree = "<group>"; };
		94464C9A6FA6CAFFFFF4A9D5 /* BrowseRadarStationsView.swift */ = {isa = PBXFileReference; includeInIndex = 1; lastKnownFileType = sourcecode.swift; path = BrowseRadarStationsView.swift; sourceTree = "<group>"; };
		95C9B6C3071CC6357870F7A8 /* RadarView.swift */ = {isa = PBXFileReference; includeInIndex = 1; lastKnownFileType = sourcecode.swift; path = RadarView.swift; sourceTree = "<group>"; };
		9818FBD3FF2904F98C9AF0C5 /* WidgetKit.framework */ = {isa = PBXFileReference; lastKnownFileType = wrapper.framework; path = WidgetKit.framework; sourceTree = SDKROOT; };
		9BE8987965BEC94AF7BD11D7 /* UserGuideView.swift */ = {isa = PBXFileReference; includeInIndex = 1; lastKnownFileType = sourcecode.swift; path = UserGuideView.swift; sourceTree = "<group>"; };
		9DCDC584E3856802D5BBA5B7 /* RadarService.swift */ = {isa = PBXFileReference; includeInIndex = 1; lastKnownFileType = sourcecode.swift; path = RadarService.swift; sourceTree = "<group>"; };
		9F91D2EA24A1CC59C213F328 /* Info.plist */ = {isa = PBXFileReference; includeInIndex = 1; lastKnownFileType = text.plist.xml; path = Info.plist; sourceTree = "<group>"; };
		A0FFFFFF0 /* FastWeather.app */ = {isa = PBXFileReference; explicitFileType = wrapper.application; includeInIndex = 0; name = FastWeather.app; path = WeatherFast.app; sourceTree = BUILT_PRODUCTS_DIR; };
		A10000000 /* WeatherFastApp.swift */ = {isa = PBXFileReference; lastKnownFileType = sourcecode.swift; path = WeatherFastApp.swift; sourceTree = "<group>"; };
		A10000002 /* ContentView.swift */ = {isa = PBXFileReference; lastKnownFileType = sourcecode.swift; path = ContentView.swift; sourceTree = "<group>"; };
		A10000004 /* City.swift */ = {isa = PBXFileReference; lastKnownFileType = sourcecode.swift; path = City.swift; sourceTree = "<group>"; };
		A10000006 /* Weather.swift */ = {isa = PBXFileReference; lastKnownFileType = sourcecode.swift; path = Weather.swift; sourceTree = "<group>"; };
		A10000008 /* Settings.swift */ = {isa = PBXFileReference; lastKnownFileType = sourcecode.swift; path = Settings.swift; sourceTree = "<group>"; };
		A1000000A /* WeatherService.swift */ = {isa = PBXFileReference; lastKnownFileType = sourcecode.swift; path = WeatherService.swift; sourceTree = "<group>"; };
		A1000000C /* SettingsManager.swift */ = {isa = PBXFileReference; lastKnownFileType = sourcecode.swift; path = SettingsManager.swift; sourceTree = "<group>"; };
		A1000000E /* CityDataService.swift */ = {isa = PBXFileReference; lastKnownFileType = sourcecode.swift; path = CityDataService.swift; sourceTree = "<group>"; };
		A10000010 /* MyCitiesView.swift */ = {isa = PBXFileReference; lastKnownFileType = sourcecode.swift; path = MyCitiesView.swift; sourceTree = "<group>"; };
		A10000012 /* FlatView.swift */ = {isa = PBXFileReference; lastKnownFileType = sourcecode.swift; path = FlatView.swift; sourceTree = "<group>"; };
		A10000014 /* TableView.swift */ = {isa = PBXFileReference; lastKnownFileType = sourcecode.swift; path = TableView.swift; sourceTree = "<group>"; };
		A10000016 /* ListView.swift */ = {isa = PBXFileReference; lastKnownFileType = sourcecode.swift; path = ListView.swift; sourceTree = "<group>"; };
		A10000018 /* BrowseCitiesView.swift */ = {isa = PBXFileReference; lastKnownFileType = sourcecode.swift; path = BrowseCitiesView.swift; sourceTree = "<group>"; };
		A1000001A /* StateCitiesView.swift */ = {isa = PBXFileReference; lastKnownFileType = sourcecode.swift; path = StateCitiesView.swift; sourceTree = "<group>"; };
		A1000001C /* CityDetailView.swift */ = {isa = PBXFileReference; lastKnownFileType = sourcecode.swift; path = CityDetailView.swift; sourceTree = "<group>"; };
		A1000001E /* SettingsView.swift */ = {isa = PBXFileReference; lastKnownFileType = sourcecode.swift; path = SettingsView.swift; sourceTree = "<group>"; };
		A10000020 /* us-cities-cached.json */ = {isa = PBXFileReference; lastKnownFileType = text.json; path = "us-cities-cached.json"; sourceTree = "<group>"; };
		A10000022 /* international-cities-cached.json */ = {isa = PBXFileReference; lastKnownFileType = text.json; path = "international-cities-cached.json"; sourceTree = "<group>"; };
		A10000024 /* Info.plist */ = {isa = PBXFileReference; lastKnownFileType = text.plist.xml; path = Info.plist; sourceTree = "<group>"; };
		A10000026 /* AddCitySearchView.swift */ = {isa = PBXFileReference; lastKnownFileType = sourcecode.swift; path = AddCitySearchView.swift; sourceTree = "<group>"; };
		A10000027 /* Assets.xcassets */ = {isa = PBXFileReference; lastKnownFileType = folder.assetcatalog; path = Assets.xcassets; sourceTree = "<group>"; };
		A1000002A /* PrivacyInfo.xcprivacy */ = {isa = PBXFileReference; lastKnownFileType = text.plist.xml; path = PrivacyInfo.xcprivacy; sourceTree = "<group>"; };
		A1000002B /* AccessibleTableBridge.swift */ = {isa = PBXFileReference; lastKnownFileType = sourcecode.swift; path = AccessibleTableBridge.swift; sourceTree = "<group>"; };
		A1000ALERT1 /* WeatherAlert.swift */ = {isa = PBXFileReference; lastKnownFileType = sourcecode.swift; path = WeatherAlert.swift; sourceTree = "<group>"; };
		A1000ALERT2 /* AlertDetailView.swift */ = {isa = PBXFileReference; lastKnownFileType = sourcecode.swift; path = AlertDetailView.swift; sourceTree = "<group>"; };
		A1000DAYDV1 /* DayDetailView.swift */ = {isa = PBXFileReference; lastKnownFileType = sourcecode.swift; path = DayDetailView.swift; sourceTree = "<group>"; };
		A1000HIST1 /* HistoricalWeather.swift */ = {isa = PBXFileReference; lastKnownFileType = sourcecode.swift; path = HistoricalWeather.swift; sourceTree = "<group>"; };
		A1000HIST3 /* HistoricalWeatherView.swift */ = {isa = PBXFileReference; lastKnownFileType = sourcecode.swift; path = HistoricalWeatherView.swift; sourceTree = "<group>"; };
		A1000MYDC1 /* MyDataCatalog.swift */ = {isa = PBXFileReference; lastKnownFileType = sourcecode.swift; path = MyDataCatalog.swift; sourceTree = "<group>"; };
		A1000MYDV1 /* MyDataConfigView.swift */ = {isa = PBXFileReference; lastKnownFileType = sourcecode.swift; path = MyDataConfigView.swift; sourceTree = "<group>"; };
		A1000WARM1 /* WeatherAroundMeView.swift */ = {isa = PBXFileReference; lastKnownFileType = sourcecode.swift; path = WeatherAroundMeView.swift; sourceTree = "<group>"; };
		A1000WARM2 /* RegionalWeatherService.swift */ = {isa = PBXFileReference; lastKnownFileType = sourcecode.swift; path = RegionalWeatherService.swift; sourceTree = "<group>"; };
		A1MYLOC001 /* MyLocationService.swift */ = {isa = PBXFileReference; includeInIndex = 1; lastKnownFileType = sourcecode.swift; path = MyLocationService.swift; sourceTree = "<group>"; };
		A5456D76628AB29EB3D6E266 /* WeatherCache.swift */ = {isa = PBXFileReference; includeInIndex = 1; lastKnownFileType = sourcecode.swift; path = WeatherCache.swift; sourceTree = "<group>"; };
		A5F0E524751DEEAE77391AD2 /* DeveloperSettingsView.swift */ = {isa = PBXFileReference; includeInIndex = 1; lastKnownFileType = sourcecode.swift; path = DeveloperSettingsView.swift; sourceTree = "<group>"; };
		A62CB507C34F8584AF86B4EB /* FastWeatherWidget.appex */ = {isa = PBXFileReference; explicitFileType = "wrapper.app-extension"; includeInIndex = 0; path = FastWeatherWidget.appex; sourceTree = BUILT_PRODUCTS_DIR; };
		A6EEC9A0A5A7E9A8E6CDB3BB /* FormatHelperTests.swift */ = {isa = PBXFileReference; includeInIndex = 1; lastKnownFileType = sourcecode.swift; name = FormatHelperTests.swift; path = FastWeatherTests/FormatHelperTests.swift; sourceTree = "<group>"; };
		A7B6A9FB3E7C71BD604A655F /* OpenMeteoAPIParameterTests.swift */ = {isa = PBXFileReference; includeInIndex = 1; lastKnownFileType = sourcecode.swift; name = OpenMeteoAPIParameterTests.swift; path = FastWeatherTests/OpenMeteoAPIParameterTests.swift; sourceTree = "<group>"; };
		AABCDEF01 /* Secrets.swift */ = {isa = PBXFileReference; lastKnownFileType = sourcecode.swift; path = Secrets.swift; sourceTree = "<group>"; };
		ABCDED0ABD51C18F51168639 /* AirQualityService.swift */ = {isa = PBXFileReference; includeInIndex = 1; lastKnownFileType = sourcecode.swift; path = AirQualityService.swift; sourceTree = "<group>"; };
		B505151E924798A11141FE82 /* FeatureFlags.swift */ = {isa = PBXFileReference; includeInIndex = 1; lastKnownFileType = sourcecode.swift; path = FeatureFlags.swift; sourceTree = "<group>"; };
		BB100001A0 /* HistoricalDateParsingTests.swift */ = {isa = PBXFileReference; includeInIndex = 1; lastKnownFileType = sourcecode.swift; name = HistoricalDateParsingTests.swift; path = FastWeatherTests/HistoricalDateParsingTests.swift; sourceTree = "<group>"; };
		BB100002A0 /* ViewConfigurationTests.swift */ = {isa = PBXFileReference; includeInIndex = 1; lastKnownFileType = sourcecode.swift; name = ViewConfigurationTests.swift; path = FastWeatherTests/ViewConfigurationTests.swift; sourceTree = "<group>"; };
		BB100003A0 /* UnitConversionTests.swift */ = {isa = PBXFileReference; includeInIndex = 1; lastKnownFileType = sourcecode.swift; name = UnitConversionTests.swift; path = FastWeatherTests/UnitConversionTests.swift; sourceTree = "<group>"; };
		C0DB44AB014963809D9F8AB2 /* AlertBrowserView.swift */ = {isa = PBXFileReference; includeInIndex = 1; lastKnownFileType = sourcecode.swift; path = AlertBrowserView.swift; sourceTree = "<group>"; };
		CD557832C1BCA3C9AA2DF4EF /* BrowseModels.swift */ = {isa = PBXFileReference; includeInIndex = 1; lastKnownFileType = sourcecode.swift; path = BrowseModels.swift; sourceTree = "<group>"; };
		CE56BAD519A834059D39FAD4 /* AlertBrowserService.swift */ = {isa = PBXFileReference; includeInIndex = 1; lastKnownFileType = sourcecode.swift; path = AlertBrowserService.swift; sourceTree = "<group>"; };
		CF16741F882DA9F40F06E0C7 /* RadarLoopView.swift */ = {isa = PBXFileReference; includeInIndex = 1; lastKnownFileType = sourcecode.swift; path = RadarLoopView.swift; sourceTree = "<group>"; };
		E076E6A8BAC7AFA878BC31F9 /* ECCCRadarService.swift */ = {isa = PBXFileReference; includeInIndex = 1; lastKnownFileType = sourcecode.swift; path = ECCCRadarService.swift; sourceTree = "<group>"; };
		EAE9174757126A0D261036F0 /* IEMRadarService.swift */ = {isa = PBXFileReference; includeInIndex = 1; lastKnownFileType = sourcecode.swift; path = IEMRadarService.swift; sourceTree = "<group>"; };
		F83A2A75D10D105C7225AE79 /* LocationService.swift */ = {isa = PBXFileReference; includeInIndex = 1; lastKnownFileType = sourcecode.swift; path = LocationService.swift; sourceTree = "<group>"; };
		ICLOUD0001 /* iCloudSyncService.swift */ = {isa = PBXFileReference; lastKnownFileType = sourcecode.swift; path = iCloudSyncService.swift; sourceTree = "<group>"; };
/* End PBXFileReference section */

/* Begin PBXFrameworksBuildPhase section */
		95982D5A38C791A3A7C194EC /* Frameworks */ = {
			isa = PBXFrameworksBuildPhase;
			buildActionMask = 2147483647;
			files = (
				760E23D31B9BFAC65DCE36EA /* Foundation.framework in Frameworks */,
				C519090C63979E9D3FF76BB3 /* WidgetKit.framework in Frameworks */,
				CE046B003A58C6559345F3A6 /* SwiftUI.framework in Frameworks */,
				176561BEB72641E7B5F47493 /* AppIntents.framework in Frameworks */,
			);
			runOnlyForDeploymentPostprocessing = 0;
		};
		A0FFFFFD0 /* Frameworks */ = {
			isa = PBXFrameworksBuildPhase;
			buildActionMask = 2147483647;
			files = (
			);
			runOnlyForDeploymentPostprocessing = 0;
		};
		B59E18412988C041A96CFE0B /* Frameworks */ = {
			isa = PBXFrameworksBuildPhase;
			buildActionMask = 2147483647;
			files = (
				BF662C2E13A50213B31C9282 /* Foundation.framework in Frameworks */,
			);
			runOnlyForDeploymentPostprocessing = 0;
		};
/* End PBXFrameworksBuildPhase section */

/* Begin PBXGroup section */
		15B5CC3D38A3EA35870DB389 /* FastWeatherTests */ = {
			isa = PBXGroup;
			children = (
				84585CC21719C6078A0B9F83 /* DateParserTests.swift */,
				A6EEC9A0A5A7E9A8E6CDB3BB /* FormatHelperTests.swift */,
				85875A99B89892AAE4709A31 /* Info.plist */,
				378A45EA047D556C10D957F1 /* ServicePersistenceTests.swift */,
				BB100001A0 /* HistoricalDateParsingTests.swift */,
				BB100002A0 /* ViewConfigurationTests.swift */,
				BB100003A0 /* UnitConversionTests.swift */,
				A7B6A9FB3E7C71BD604A655F /* OpenMeteoAPIParameterTests.swift */,
			);
			name = FastWeatherTests;
			sourceTree = SOURCE_ROOT;
		};
		5DB54FD504A9342FDF0C2225 /* FastWeatherWidget */ = {
			isa = PBXGroup;
			children = (
				095B302C4BF1267E4CB60AE1 /* FastWeatherWidget.swift */,
				64A90FF007F030B06604F932 /* WidgetWeatherFetcher.swift */,
				2F1C0121EB82A3FC69A6DB53 /* WidgetViews.swift */,
				4E6A0C727A6B492D420AB4DD /* FastWeatherWidget.entitlements */,
				9F91D2EA24A1CC59C213F328 /* Info.plist */,
			);
			path = FastWeatherWidget;
			sourceTree = "<group>";
		};
		A0FFFFFB0 = {
			isa = PBXGroup;
			children = (
				A0FFFFFC0 /* FastWeather */,
				A0FFFFFD1 /* Products */,
				FA2FE26574740F29D55A9E79 /* Frameworks */,
				15B5CC3D38A3EA35870DB389 /* FastWeatherTests */,
				5DB54FD504A9342FDF0C2225 /* FastWeatherWidget */,
			);
			sourceTree = "<group>";
		};
		A0FFFFFC0 /* FastWeather */ = {
			isa = PBXGroup;
			children = (
				A1000002A /* PrivacyInfo.xcprivacy */,
				A10000024 /* Info.plist */,
				A10000000 /* WeatherFastApp.swift */,
				A0FFFFFE0 /* Models */,
				A0FFFFFF1 /* Views */,
				A0FFFFFF2 /* Services */,
				A0FFFFFF3 /* Resources */,
				E9E044143851E1F6CD58150B /* Utilities */,
			);
			path = FastWeather;
			sourceTree = "<group>";
		};
		A0FFFFFD1 /* Products */ = {
			isa = PBXGroup;
			children = (
				A0FFFFFF0 /* FastWeather.app */,
				1402523D7CA83670A0D6BAF8 /* FastWeatherTests.xctest */,
				A62CB507C34F8584AF86B4EB /* FastWeatherWidget.appex */,
			);
			name = Products;
			sourceTree = "<group>";
		};
		A0FFFFFE0 /* Models */ = {
			isa = PBXGroup;
			children = (
				A10000004 /* City.swift */,
				A10000006 /* Weather.swift */,
				A1000ALERT1 /* WeatherAlert.swift */,
				A1000HIST1 /* HistoricalWeather.swift */,
				A10000008 /* Settings.swift */,
				A1000MYDC1 /* MyDataCatalog.swift */,
				541AC6972702454065BAC379 /* BrowseFavorite.swift */,
				CD557832C1BCA3C9AA2DF4EF /* BrowseModels.swift */,
				57F7AA7AF3FE872B7FC17BD5 /* AirQuality.swift */,
			);
			path = Models;
			sourceTree = "<group>";
		};
		A0FFFFFF1 /* Views */ = {
			isa = PBXGroup;
			children = (
				A10000002 /* ContentView.swift */,
				A10000010 /* MyCitiesView.swift */,
				A1000HIST3 /* HistoricalWeatherView.swift */,
				A10000012 /* FlatView.swift */,
				A10000014 /* TableView.swift */,
				A1000002B /* AccessibleTableBridge.swift */,
				A10000016 /* ListView.swift */,
				A1000ALERT2 /* AlertDetailView.swift */,
				A10000018 /* BrowseCitiesView.swift */,
				A1000001A /* StateCitiesView.swift */,
				A1000001C /* CityDetailView.swift */,
				A10000026 /* AddCitySearchView.swift */,
				A1000001E /* SettingsView.swift */,
				343FB8C597ECDBB8F82B9D13 /* RadarView.swift */,
				A5F0E524751DEEAE77391AD2 /* DeveloperSettingsView.swift */,
				95C9B6C3071CC6357870F7A8 /* RadarView.swift */,
				5C214A72B9AB146E98AAFD1B /* DeveloperSettingsView.swift */,
				A1000WARM1 /* WeatherAroundMeView.swift */,
				9BE8987965BEC94AF7BD11D7 /* UserGuideView.swift */,
				A1000MYDV1 /* MyDataConfigView.swift */,
				A1000DAYDV1 /* DayDetailView.swift */,
				C0DB44AB014963809D9F8AB2 /* AlertBrowserView.swift */,
				775CE8ABBD916C27DDAC2F8E /* AirQualityView.swift */,
				CF16741F882DA9F40F06E0C7 /* RadarLoopView.swift */,
				94464C9A6FA6CAFFFFF4A9D5 /* BrowseRadarStationsView.swift */,
			);
			path = Views;
			sourceTree = "<group>";
		};
		A0FFFFFF2 /* Services */ = {
			isa = PBXGroup;
			children = (
				A1000000A /* WeatherService.swift */,
				A1000000C /* SettingsManager.swift */,
				A1000000E /* CityDataService.swift */,
				486EDF8DF974A3A8043714DD /* FeatureFlags.swift */,
				0EED081CD8BA9AD9146E4318 /* RadarService.swift */,
				B505151E924798A11141FE82 /* FeatureFlags.swift */,
				9DCDC584E3856802D5BBA5B7 /* RadarService.swift */,
				A1000WARM2 /* RegionalWeatherService.swift */,
				1311D88F8BCB7E6528F708FD /* DirectionalCityService.swift */,
				F83A2A75D10D105C7225AE79 /* LocationService.swift */,
				A1MYLOC001 /* MyLocationService.swift */,
				3B7B06EFA7D170A6D9BA8847 /* WeatherHelpers.swift */,
				A5456D76628AB29EB3D6E266 /* WeatherCache.swift */,
				808AC3615E6E747E006B95C9 /* HistoricalWeatherCache.swift */,
				2DEF54F1AE97F7891D18FB90 /* MoonCalculator.swift */,
				132665BE8B6FD8F918BD1E26 /* BrowseFavoritesService.swift */,
				AABCDEF01 /* Secrets.swift */,
				2FACFB641A124BC50AA47A82 /* WeatherMovementAnalyzer.swift */,
				80554E71E10D5B842963E4AF /* AppGroup.swift */,
				ICLOUD0001 /* iCloudSyncService.swift */,
				CE56BAD519A834059D39FAD4 /* AlertBrowserService.swift */,
				ABCDED0ABD51C18F51168639 /* AirQualityService.swift */,
				55134765C18AD8834DA651D4 /* RadarLoopService.swift */,
				EAE9174757126A0D261036F0 /* IEMRadarService.swift */,
				4941F8FD3DCE8B73C132ADF0 /* RadarStationsService.swift */,
				483E0E27B80541A687092179 /* RadarMapCompositor.swift */,
				E076E6A8BAC7AFA878BC31F9 /* ECCCRadarService.swift */,
			);
			path = Services;
			sourceTree = "<group>";
		};
		A0FFFFFF3 /* Resources */ = {
			isa = PBXGroup;
			children = (
				A10000027 /* Assets.xcassets */,
				A10000020 /* us-cities-cached.json */,
				A10000022 /* international-cities-cached.json */,
			);
			path = Resources;
			sourceTree = "<group>";
		};
		AB93E75B9FA042221D1F041A /* iOS */ = {
			isa = PBXGroup;
			children = (
				63BC18B80FA54B507B3AD22C /* Foundation.framework */,
			);
			name = iOS;
			sourceTree = "<group>";
		};
		E9E044143851E1F6CD58150B /* Utilities */ = {
			isa = PBXGroup;
			children = (
				91C990465E49C005E87F407B /* CountryNames.swift */,
				582B5A12CF76291E75D023B0 /* AppLogger.swift */,
			);
			path = Utilities;
			sourceTree = "<group>";
		};
		FA2FE26574740F29D55A9E79 /* Frameworks */ = {
			isa = PBXGroup;
			children = (
				AB93E75B9FA042221D1F041A /* iOS */,
				9818FBD3FF2904F98C9AF0C5 /* WidgetKit.framework */,
				1E5E353DA647F3B0B2671055 /* SwiftUI.framework */,
				49EECCC9A0A5E1827615BB91 /* AppIntents.framework */,
			);
			name = Frameworks;
			sourceTree = "<group>";
		};
/* End PBXGroup section */

/* Begin PBXNativeTarget section */
		78753393B640418CDD9404BE /* FastWeatherWidget */ = {
			isa = PBXNativeTarget;
			buildConfigurationList = 0F8415B8395A1EC0C3EF85A2 /* Build configuration list for PBXNativeTarget "FastWeatherWidget" */;
			buildPhases = (
				25ACAFE5952F4F2F230410F6 /* Sources */,
				95982D5A38C791A3A7C194EC /* Frameworks */,
				E351A7D662695B451744B688 /* Resources */,
			);
			buildRules = (
			);
			dependencies = (
			);
			name = FastWeatherWidget;
			productName = FastWeatherWidget;
			productReference = A62CB507C34F8584AF86B4EB /* FastWeatherWidget.appex */;
			productType = "com.apple.product-type.app-extension";
		};
		A0FFFFFEF /* FastWeather */ = {
			isa = PBXNativeTarget;
			buildConfigurationList = A0FFFFFE1 /* Build configuration list for PBXNativeTarget "FastWeather" */;
			buildPhases = (
				A0FFFFFEC /* Sources */,
				A0FFFFFD0 /* Frameworks */,
				A0FFFFFED /* Resources */,
				1D2E2F8B27F8602CDCBE7D46 /* Embed Foundation Extensions */,
			);
			buildRules = (
			);
			dependencies = (
				B5479A7FE6E14CDE3CDDE16B /* PBXTargetDependency */,
			);
			name = FastWeather;
			productName = WeatherFast;
			productReference = A0FFFFFF0 /* FastWeather.app */;
			productType = "com.apple.product-type.application";
		};
		EAFB3D02464E41959A80F1A4 /* FastWeatherTests */ = {
			isa = PBXNativeTarget;
			buildConfigurationList = F447D0113C475207F92C3825 /* Build configuration list for PBXNativeTarget "FastWeatherTests" */;
			buildPhases = (
				95AA4BF9D7D262BD8CD4D54A /* Sources */,
				B59E18412988C041A96CFE0B /* Frameworks */,
				780E2284010186809F804692 /* Resources */,
			);
			buildRules = (
			);
			dependencies = (
				130D2EA7CF1C68C6A25D8AED /* PBXTargetDependency */,
			);
			name = FastWeatherTests;
			productName = FastWeatherTests;
			productReference = 1402523D7CA83670A0D6BAF8 /* FastWeatherTests.xctest */;
			productType = "com.apple.product-type.bundle.unit-test";
		};
/* End PBXNativeTarget section */

/* Begin PBXProject section */
		A0FFFFFB1 /* Project object */ = {
			isa = PBXProject;
			attributes = {
				BuildIndependentTargetsInParallel = 1;
				LastSwiftUpdateCheck = 1500;
				LastUpgradeCheck = 2620;
				TargetAttributes = {
					A0FFFFFEF = {
						CreatedOnToolsVersion = 15.0;
						SystemCapabilities = {
							com.apple.WeatherKit = {
								enabled = 1;
							};
						};
					};
				};
			};
			buildConfigurationList = A0FFFFFB4 /* Build configuration list for PBXProject "FastWeather" */;
			compatibilityVersion = "Xcode 14.0";
			developmentRegion = en;
			hasScannedForEncodings = 0;
			knownRegions = (
				en,
				Base,
			);
			mainGroup = A0FFFFFB0;
			productRefGroup = A0FFFFFD1 /* Products */;
			projectDirPath = "";
			projectRoot = "";
			targets = (
				A0FFFFFEF /* FastWeather */,
				EAFB3D02464E41959A80F1A4 /* FastWeatherTests */,
				78753393B640418CDD9404BE /* FastWeatherWidget */,
			);
		};
/* End PBXProject section */

/* Begin PBXResourcesBuildPhase section */
		780E2284010186809F804692 /* Resources */ = {
			isa = PBXResourcesBuildPhase;
			buildActionMask = 2147483647;
			files = (
			);
			runOnlyForDeploymentPostprocessing = 0;
		};
		A0FFFFFED /* Resources */ = {
			isa = PBXResourcesBuildPhase;
			buildActionMask = 2147483647;
			files = (
				A10000028 /* Assets.xcassets in Resources */,
				A10000021 /* us-cities-cached.json in Resources */,
				A10000023 /* international-cities-cached.json in Resources */,
				A10000029 /* PrivacyInfo.xcprivacy in Resources */,
			);
			runOnlyForDeploymentPostprocessing = 0;
		};
		E351A7D662695B451744B688 /* Resources */ = {
			isa = PBXResourcesBuildPhase;
			buildActionMask = 2147483647;
			files = (
			);
			runOnlyForDeploymentPostprocessing = 0;
		};
/* End PBXResourcesBuildPhase section */

/* Begin PBXSourcesBuildPhase section */
		25ACAFE5952F4F2F230410F6 /* Sources */ = {
			isa = PBXSourcesBuildPhase;
			buildActionMask = 2147483647;
			files = (
				43C14264008A7B9868879DDA /* FastWeatherWidget.swift in Sources */,
				B2EF94930A8E3C08A709BF76 /* WidgetWeatherFetcher.swift in Sources */,
				85468083C7B9028D150DEF80 /* WidgetViews.swift in Sources */,
				AAE791FC717973BF6D2C064A /* AppGroup.swift in Sources */,
			);
			runOnlyForDeploymentPostprocessing = 0;
		};
		95AA4BF9D7D262BD8CD4D54A /* Sources */ = {
			isa = PBXSourcesBuildPhase;
			buildActionMask = 2147483647;
			files = (
				7B789880182BB3780DACFD9E /* DateParserTests.swift in Sources */,
				A6886D9C7A65040E1717E6A4 /* FormatHelperTests.swift in Sources */,
				6F460C5A4802F9FDD2625094 /* ServicePersistenceTests.swift in Sources */,
				BB100001A1 /* HistoricalDateParsingTests.swift in Sources */,
				BB100002A1 /* ViewConfigurationTests.swift in Sources */,
				BB100003A1 /* UnitConversionTests.swift in Sources */,
				B1D8458D8AB3552F7551C408 /* OpenMeteoAPIParameterTests.swift in Sources */,
			);
			runOnlyForDeploymentPostprocessing = 0;
		};
		A0FFFFFEC /* Sources */ = {
			isa = PBXSourcesBuildPhase;
			buildActionMask = 2147483647;
			files = (
				A10000001 /* WeatherFastApp.swift in Sources */,
				A10000003 /* ContentView.swift in Sources */,
				A10000005 /* City.swift in Sources */,
				A1000WARMB1 /* WeatherAroundMeView.swift in Sources */,
				A1000WARMB2 /* RegionalWeatherService.swift in Sources */,
				A10000007 /* Weather.swift in Sources */,
				A10000009 /* Settings.swift in Sources */,
				A1000000B /* WeatherService.swift in Sources */,
				A1000000D /* SettingsManager.swift in Sources */,
				A1000000F /* CityDataService.swift in Sources */,
				A10000011 /* MyCitiesView.swift in Sources */,
				A10000013 /* FlatView.swift in Sources */,
				A10000015 /* TableView.swift in Sources */,
				A1000002C /* AccessibleTableBridge.swift in Sources */,
				A10000017 /* ListView.swift in Sources */,
				A10000019 /* BrowseCitiesView.swift in Sources */,
				A1000001B /* StateCitiesView.swift in Sources */,
				A1000001D /* CityDetailView.swift in Sources */,
				A10000025 /* AddCitySearchView.swift in Sources */,
				A1000001F /* SettingsView.swift in Sources */,
				A1000HISTB1 /* HistoricalWeather.swift in Sources */,
				A1000HISTB3 /* HistoricalWeatherView.swift in Sources */,
				A1000ALERTB1 /* WeatherAlert.swift in Sources */,
				A1000ALERTB2 /* AlertDetailView.swift in Sources */,
				4A6D0D115A976039A83A189E /* FeatureFlags.swift in Sources */,
				62CB858A1D1017158A62BC44 /* RadarService.swift in Sources */,
				E41FA69A048BFD0F634DB005 /* RadarView.swift in Sources */,
				6CA5EB93D785DE05210F375A /* DeveloperSettingsView.swift in Sources */,
				1EA38206A8F8117706BC1BE1 /* UserGuideView.swift in Sources */,
				0B20A334AA1FE3314940526C /* DirectionalCityService.swift in Sources */,
				FCF060427E69A6D68459749C /* LocationService.swift in Sources */,
				A1MYLOC002 /* MyLocationService.swift in Sources */,
				21615169040A120F379786F1 /* WeatherHelpers.swift in Sources */,
				4B07E53F90DD3EA9329F2D45 /* WeatherCache.swift in Sources */,
				90B76CB12EE73F0BF533980A /* HistoricalWeatherCache.swift in Sources */,
				6B0A5D23AB1E6BAB93B5BCED /* MoonCalculator.swift in Sources */,
				FFDCDC0E6C3FE2E629DA343D /* CountryNames.swift in Sources */,
				A1000MYDCB1 /* MyDataCatalog.swift in Sources */,
				A1000MYDVB1 /* MyDataConfigView.swift in Sources */,
				A1000DAYDVB1 /* DayDetailView.swift in Sources */,
				79EF625047D4C75BD3B73614 /* BrowseFavorite.swift in Sources */,
				AE03796A87F6E9395DD6C77C /* BrowseFavoritesService.swift in Sources */,
				AABCDEF02 /* Secrets.swift in Sources */,
				4D0C3D7F2B79D81702BFFF57 /* BrowseModels.swift in Sources */,
				E4F1B4B29C76E05475F84205 /* AppLogger.swift in Sources */,
				936F0EBB42AF986505E6F18D /* WeatherMovementAnalyzer.swift in Sources */,
				712DFE4BE25CBCDDED5D6DF3 /* AppGroup.swift in Sources */,
				ICLOUD0001B /* iCloudSyncService.swift in Sources */,
				90D52D117D0218E839582F9C /* AlertBrowserService.swift in Sources */,
				5BF7DE3C2398278205064E2B /* AlertBrowserView.swift in Sources */,
				1B432C3769D295CC48BCAE90 /* AirQuality.swift in Sources */,
				7091267C522DEA6481F187ED /* AirQualityService.swift in Sources */,
				2053823E0BCEF2EC5988EE6B /* AirQualityView.swift in Sources */,
				48D63FB9D9401016710AB740 /* RadarLoopService.swift in Sources */,
				B7BC708B8C09ACE7679EAB9B /* RadarLoopView.swift in Sources */,
				DDE8934756296D5F550CA283 /* IEMRadarService.swift in Sources */,
				0DAD633B8809CC763659B61B /* RadarStationsService.swift in Sources */,
				8524BA4DE11491F95533C5A7 /* BrowseRadarStationsView.swift in Sources */,
				0179AB18E2362BEF44DDFCA2 /* RadarMapCompositor.swift in Sources */,
				9F1395A855E67E4CD72DF55C /* ECCCRadarService.swift in Sources */,
			);
			runOnlyForDeploymentPostprocessing = 0;
		};
/* End PBXSourcesBuildPhase section */

/* Begin PBXTargetDependency section */
		130D2EA7CF1C68C6A25D8AED /* PBXTargetDependency */ = {
			isa = PBXTargetDependency;
			name = FastWeather;
			target = A0FFFFFEF /* FastWeather */;
			targetProxy = 30F357FF09FED238A8CDDA10 /* PBXContainerItemProxy */;
		};
		B5479A7FE6E14CDE3CDDE16B /* PBXTargetDependency */ = {
			isa = PBXTargetDependency;
			name = FastWeatherWidget;
			target = 78753393B640418CDD9404BE /* FastWeatherWidget */;
			targetProxy = 68D5F99C5A6DE79DB3BA8067 /* PBXContainerItemProxy */;
		};
/* End PBXTargetDependency section */

/* Begin XCBuildConfiguration section */
		3CA3E6E9B0BF87DB8001B694 /* Debug */ = {
			isa = XCBuildConfiguration;
			buildSettings = {
				BUNDLE_LOADER = "$(TEST_HOST)";
				CLANG_ENABLE_OBJC_WEAK = NO;
				INFOPLIST_FILE = FastWeatherTests/Info.plist;
				IPHONEOS_DEPLOYMENT_TARGET = 17.0;
				PRODUCT_BUNDLE_IDENTIFIER = com.fastweather.FastWeatherTests;
				PRODUCT_NAME = "$(TARGET_NAME)";
				SDKROOT = iphoneos;
				SWIFT_VERSION = 5.0;
				TARGETED_DEVICE_FAMILY = "1,2";
				TEST_HOST = "$(BUILT_PRODUCTS_DIR)/WeatherFast.app/WeatherFast";
			};
			name = Debug;
		};
		41DE0A0A3FF59EC96A1C8F5E /* Release */ = {
			isa = XCBuildConfiguration;
			buildSettings = {
				BUNDLE_LOADER = "$(TEST_HOST)";
				CLANG_ENABLE_OBJC_WEAK = NO;
				INFOPLIST_FILE = FastWeatherTests/Info.plist;
				IPHONEOS_DEPLOYMENT_TARGET = 17.0;
				PRODUCT_BUNDLE_IDENTIFIER = com.fastweather.FastWeatherTests;
				PRODUCT_NAME = "$(TARGET_NAME)";
				SDKROOT = iphoneos;
				SWIFT_VERSION = 5.0;
				TARGETED_DEVICE_FAMILY = "1,2";
				TEST_HOST = "$(BUILT_PRODUCTS_DIR)/WeatherFast.app/WeatherFast";
				VALIDATE_PRODUCT = YES;
			};
			name = Release;
		};
		A0FFFFFE2 /* Debug */ = {
			isa = XCBuildConfiguration;
			buildSettings = {
				ALWAYS_SEARCH_USER_PATHS = NO;
				ASSETCATALOG_COMPILER_APPICON_NAME = AppIcon;
				ASSETCATALOG_COMPILER_GLOBAL_ACCENT_COLOR_NAME = AccentColor;
				CLANG_ANALYZER_NONNULL = YES;
				CLANG_ANALYZER_NUMBER_OBJECT_CONVERSION = YES_AGGRESSIVE;
				CLANG_CXX_LANGUAGE_STANDARD = "gnu++20";
				CLANG_ENABLE_MODULES = YES;
				CLANG_ENABLE_OBJC_ARC = YES;
				CLANG_ENABLE_OBJC_WEAK = YES;
				CLANG_WARN_BLOCK_CAPTURE_AUTORELEASING = YES;
				CLANG_WARN_BOOL_CONVERSION = YES;
				CLANG_WARN_COMMA = YES;
				CLANG_WARN_CONSTANT_CONVERSION = YES;
				CLANG_WARN_DEPRECATED_OBJC_IMPLEMENTATIONS = YES;
				CLANG_WARN_DIRECT_OBJC_ISA_USAGE = YES_ERROR;
				CLANG_WARN_DOCUMENTATION_COMMENTS = YES;
				CLANG_WARN_EMPTY_BODY = YES;
				CLANG_WARN_ENUM_CONVERSION = YES;
				CLANG_WARN_INFINITE_RECURSION = YES;
				CLANG_WARN_INT_CONVERSION = YES;
				CLANG_WARN_NON_LITERAL_NULL_CONVERSION = YES;
				CLANG_WARN_OBJC_IMPLICIT_RETAIN_SELF = YES;
				CLANG_WARN_OBJC_LITERAL_CONVERSION = YES;
				CLANG_WARN_OBJC_ROOT_CLASS = YES_ERROR;
				CLANG_WARN_QUOTED_INCLUDE_IN_FRAMEWORK_HEADER = YES;
				CLANG_WARN_RANGE_LOOP_ANALYSIS = YES;
				CLANG_WARN_STRICT_PROTOTYPES = YES;
				CLANG_WARN_SUSPICIOUS_MOVE = YES;
				CLANG_WARN_UNGUARDED_AVAILABILITY = YES_AGGRESSIVE;
				CLANG_WARN_UNREACHABLE_CODE = YES;
				CLANG_WARN__DUPLICATE_METHOD_MATCH = YES;
				CODE_SIGN_ENTITLEMENTS = FastWeather/FastWeather.entitlements;
				CODE_SIGN_IDENTITY = "Apple Development";
				CODE_SIGN_STYLE = Automatic;
				COPY_PHASE_STRIP = NO;
				CURRENT_PROJECT_VERSION = 2;
				DEBUG_INFORMATION_FORMAT = dwarf;
				DEFINES_MODULE = YES;
				ENABLE_APP_SANDBOX = YES;
				ENABLE_OUTGOING_NETWORK_CONNECTIONS = YES;
				ENABLE_STRICT_OBJC_MSGSEND = YES;
				ENABLE_TESTABILITY = YES;
				ENABLE_USER_SELECTED_FILES = readwrite;
				GCC_C_LANGUAGE_STANDARD = gnu11;
				GCC_DYNAMIC_NO_PIC = NO;
				GCC_NO_COMMON_BLOCKS = YES;
				GCC_OPTIMIZATION_LEVEL = 0;
				GCC_PREPROCESSOR_DEFINITIONS = (
					"DEBUG=1",
					"$(inherited)",
				);
				GCC_WARN_64_TO_32_BIT_CONVERSION = YES;
				GCC_WARN_ABOUT_RETURN_TYPE = YES_ERROR;
				GCC_WARN_UNDECLARED_SELECTOR = YES;
				GCC_WARN_UNINITIALIZED_AUTOS = YES_AGGRESSIVE;
				GCC_WARN_UNUSED_FUNCTION = YES;
				GCC_WARN_UNUSED_VARIABLE = YES;
				INFOPLIST_FILE = FastWeather/Info.plist;
				INFOPLIST_KEY_CFBundleDisplayName = "Weather Fast";
				INFOPLIST_KEY_LSApplicationCategoryType = "public.app-category.weather";
				INFOPLIST_KEY_UIApplicationSceneManifest_Generation = YES;
				INFOPLIST_KEY_UIApplicationSupportsIndirectInputEvents = YES;
				INFOPLIST_KEY_UILaunchScreen_Generation = YES;
				INFOPLIST_KEY_UISupportedInterfaceOrientations = "UIInterfaceOrientationPortrait UIInterfaceOrientationLandscapeLeft UIInterfaceOrientationLandscapeRight";
				INFOPLIST_KEY_UISupportedInterfaceOrientations_iPad = "UIInterfaceOrientationPortrait UIInterfaceOrientationPortraitUpsideDown UIInterfaceOrientationLandscapeLeft UIInterfaceOrientationLandscapeRight";
				IPHONEOS_DEPLOYMENT_TARGET = 17.0;
				LD_RUNPATH_SEARCH_PATHS = (
					"$(inherited)",
					"@executable_path/Frameworks",
				);
				MARKETING_VERSION = 1.6.0;
				MTL_ENABLE_DEBUG_INFO = INCLUDE_SOURCE;
				MTL_FAST_MATH = YES;
				ONLY_ACTIVE_ARCH = YES;
				PRODUCT_BUNDLE_IDENTIFIER = com.weatherfast.app;
				PRODUCT_NAME = WeatherFast;
				PROVISIONING_PROFILE_SPECIFIER = "";
				SDKROOT = iphoneos;
				SWIFT_ACTIVE_COMPILATION_CONDITIONS = DEBUG;
				SWIFT_EMIT_LOC_STRINGS = YES;
				SWIFT_OPTIMIZATION_LEVEL = "-Onone";
				SWIFT_VERSION = 5.0;
				TARGETED_DEVICE_FAMILY = "1,2";
			};
			name = Debug;
		};
		A0FFFFFE3 /* Release */ = {
			isa = XCBuildConfiguration;
			buildSettings = {
				ALWAYS_SEARCH_USER_PATHS = NO;
				ASSETCATALOG_COMPILER_APPICON_NAME = AppIcon;
				ASSETCATALOG_COMPILER_GLOBAL_ACCENT_COLOR_NAME = AccentColor;
				CLANG_ANALYZER_NONNULL = YES;
				CLANG_ANALYZER_NUMBER_OBJECT_CONVERSION = YES_AGGRESSIVE;
				CLANG_CXX_LANGUAGE_STANDARD = "gnu++20";
				CLANG_ENABLE_MODULES = YES;
				CLANG_ENABLE_OBJC_ARC = YES;
				CLANG_ENABLE_OBJC_WEAK = YES;
				CLANG_WARN_BLOCK_CAPTURE_AUTORELEASING = YES;
				CLANG_WARN_BOOL_CONVERSION = YES;
				CLANG_WARN_COMMA = YES;
				CLANG_WARN_CONSTANT_CONVERSION = YES;
				CLANG_WARN_DEPRECATED_OBJC_IMPLEMENTATIONS = YES;
				CLANG_WARN_DIRECT_OBJC_ISA_USAGE = YES_ERROR;
				CLANG_WARN_DOCUMENTATION_COMMENTS = YES;
				CLANG_WARN_EMPTY_BODY = YES;
				CLANG_WARN_ENUM_CONVERSION = YES;
				CLANG_WARN_INFINITE_RECURSION = YES;
				CLANG_WARN_INT_CONVERSION = YES;
				CLANG_WARN_NON_LITERAL_NULL_CONVERSION = YES;
				CLANG_WARN_OBJC_IMPLICIT_RETAIN_SELF = YES;
				CLANG_WARN_OBJC_LITERAL_CONVERSION = YES;
				CLANG_WARN_OBJC_ROOT_CLASS = YES_ERROR;
				CLANG_WARN_QUOTED_INCLUDE_IN_FRAMEWORK_HEADER = YES;
				CLANG_WARN_RANGE_LOOP_ANALYSIS = YES;
				CLANG_WARN_STRICT_PROTOTYPES = YES;
				CLANG_WARN_SUSPICIOUS_MOVE = YES;
				CLANG_WARN_UNGUARDED_AVAILABILITY = YES_AGGRESSIVE;
				CLANG_WARN_UNREACHABLE_CODE = YES;
				CLANG_WARN__DUPLICATE_METHOD_MATCH = YES;
				CODE_SIGN_ENTITLEMENTS = FastWeather/FastWeather.entitlements;
				CODE_SIGN_IDENTITY = "Apple Development";
				CODE_SIGN_STYLE = Automatic;
				COPY_PHASE_STRIP = NO;
				CURRENT_PROJECT_VERSION = 2;
				DEBUG_INFORMATION_FORMAT = "dwarf-with-dsym";
				DEFINES_MODULE = YES;
				ENABLE_APP_SANDBOX = YES;
				ENABLE_NS_ASSERTIONS = NO;
				ENABLE_OUTGOING_NETWORK_CONNECTIONS = YES;
				ENABLE_PREVIEWS = NO;
				ENABLE_STRICT_OBJC_MSGSEND = YES;
				ENABLE_USER_SELECTED_FILES = readwrite;
				GCC_C_LANGUAGE_STANDARD = gnu11;
				GCC_NO_COMMON_BLOCKS = YES;
				GCC_WARN_64_TO_32_BIT_CONVERSION = YES;
				GCC_WARN_ABOUT_RETURN_TYPE = YES_ERROR;
				GCC_WARN_UNDECLARED_SELECTOR = YES;
				GCC_WARN_UNINITIALIZED_AUTOS = YES_AGGRESSIVE;
				GCC_WARN_UNUSED_FUNCTION = YES;
				GCC_WARN_UNUSED_VARIABLE = YES;
				INFOPLIST_FILE = FastWeather/Info.plist;
				INFOPLIST_KEY_CFBundleDisplayName = "Weather Fast";
				INFOPLIST_KEY_LSApplicationCategoryType = "public.app-category.weather";
				INFOPLIST_KEY_UIApplicationSceneManifest_Generation = YES;
				INFOPLIST_KEY_UIApplicationSupportsIndirectInputEvents = YES;
				INFOPLIST_KEY_UILaunchScreen_Generation = YES;
				INFOPLIST_KEY_UISupportedInterfaceOrientations = "UIInterfaceOrientationPortrait UIInterfaceOrientationLandscapeLeft UIInterfaceOrientationLandscapeRight";
				INFOPLIST_KEY_UISupportedInterfaceOrientations_iPad = "UIInterfaceOrientationPortrait UIInterfaceOrientationPortraitUpsideDown UIInterfaceOrientationLandscapeLeft UIInterfaceOrientationLandscapeRight";
				IPHONEOS_DEPLOYMENT_TARGET = 17.0;
				LD_RUNPATH_SEARCH_PATHS = (
					"$(inherited)",
					"@executable_path/Frameworks",
				);
				MARKETING_VERSION = 1.6.0;
				MTL_ENABLE_DEBUG_INFO = NO;
				MTL_FAST_MATH = YES;
				PRODUCT_BUNDLE_IDENTIFIER = com.weatherfast.app;
				PRODUCT_NAME = WeatherFast;
				PROVISIONING_PROFILE_SPECIFIER = "";
				SDKROOT = iphoneos;
				SWIFT_COMPILATION_MODE = wholemodule;
				SWIFT_EMIT_LOC_STRINGS = YES;
				SWIFT_OPTIMIZATION_LEVEL = "-O";
				SWIFT_VERSION = 5.0;
				TARGETED_DEVICE_FAMILY = "1,2";
				VALIDATE_PRODUCT = YES;
			};
			name = Release;
		};
		A0FFFFFE4 /* Debug */ = {
			isa = XCBuildConfiguration;
			buildSettings = {
				ALWAYS_SEARCH_USER_PATHS = NO;
				CLANG_ANALYZER_NONNULL = YES;
				CLANG_ANALYZER_NUMBER_OBJECT_CONVERSION = YES_AGGRESSIVE;
				CLANG_CXX_LANGUAGE_STANDARD = "gnu++20";
				CLANG_ENABLE_MODULES = YES;
				CLANG_ENABLE_OBJC_ARC = YES;
				CLANG_ENABLE_OBJC_WEAK = YES;
				CLANG_WARN_BLOCK_CAPTURE_AUTORELEASING = YES;
				CLANG_WARN_BOOL_CONVERSION = YES;
				CLANG_WARN_COMMA = YES;
				CLANG_WARN_CONSTANT_CONVERSION = YES;
				CLANG_WARN_DEPRECATED_OBJC_IMPLEMENTATIONS = YES;
				CLANG_WARN_DIRECT_OBJC_ISA_USAGE = YES_ERROR;
				CLANG_WARN_DOCUMENTATION_COMMENTS = YES;
				CLANG_WARN_EMPTY_BODY = YES;
				CLANG_WARN_ENUM_CONVERSION = YES;
				CLANG_WARN_INFINITE_RECURSION = YES;
				CLANG_WARN_INT_CONVERSION = YES;
				CLANG_WARN_NON_LITERAL_NULL_CONVERSION = YES;
				CLANG_WARN_OBJC_IMPLICIT_RETAIN_SELF = YES;
				CLANG_WARN_OBJC_LITERAL_CONVERSION = YES;
				CLANG_WARN_OBJC_ROOT_CLASS = YES_ERROR;
				CLANG_WARN_QUOTED_INCLUDE_IN_FRAMEWORK_HEADER = YES;
				CLANG_WARN_RANGE_LOOP_ANALYSIS = YES;
				CLANG_WARN_STRICT_PROTOTYPES = YES;
				CLANG_WARN_SUSPICIOUS_MOVE = YES;
				CLANG_WARN_UNGUARDED_AVAILABILITY = YES_AGGRESSIVE;
				CLANG_WARN_UNREACHABLE_CODE = YES;
				CLANG_WARN__DUPLICATE_METHOD_MATCH = YES;
				COPY_PHASE_STRIP = NO;
				DEBUG_INFORMATION_FORMAT = dwarf;
				DEVELOPMENT_TEAM = P887QF74N8;
				ENABLE_STRICT_OBJC_MSGSEND = YES;
				ENABLE_TESTABILITY = YES;
				ENABLE_USER_SCRIPT_SANDBOXING = YES;
				GCC_C_LANGUAGE_STANDARD = gnu11;
				GCC_DYNAMIC_NO_PIC = NO;
				GCC_NO_COMMON_BLOCKS = YES;
				GCC_OPTIMIZATION_LEVEL = 0;
				GCC_PREPROCESSOR_DEFINITIONS = (
					"DEBUG=1",
					"$(inherited)",
				);
				GCC_WARN_64_TO_32_BIT_CONVERSION = YES;
				GCC_WARN_ABOUT_RETURN_TYPE = YES_ERROR;
				GCC_WARN_UNDECLARED_SELECTOR = YES;
				GCC_WARN_UNINITIALIZED_AUTOS = YES_AGGRESSIVE;
				GCC_WARN_UNUSED_FUNCTION = YES;
				GCC_WARN_UNUSED_VARIABLE = YES;
				MTL_ENABLE_DEBUG_INFO = INCLUDE_SOURCE;
				MTL_FAST_MATH = YES;
				ONLY_ACTIVE_ARCH = YES;
				SDKROOT = iphoneos;
				STRING_CATALOG_GENERATE_SYMBOLS = YES;
				SWIFT_ACTIVE_COMPILATION_CONDITIONS = DEBUG;
				SWIFT_OPTIMIZATION_LEVEL = "-Onone";
			};
			name = Debug;
		};
		A0FFFFFE5 /* Release */ = {
			isa = XCBuildConfiguration;
			buildSettings = {
				ALWAYS_SEARCH_USER_PATHS = NO;
				CLANG_ANALYZER_NONNULL = YES;
				CLANG_ANALYZER_NUMBER_OBJECT_CONVERSION = YES_AGGRESSIVE;
				CLANG_CXX_LANGUAGE_STANDARD = "gnu++20";
				CLANG_ENABLE_MODULES = YES;
				CLANG_ENABLE_OBJC_ARC = YES;
				CLANG_ENABLE_OBJC_WEAK = YES;
				CLANG_WARN_BLOCK_CAPTURE_AUTORELEASING = YES;
				CLANG_WARN_BOOL_CONVERSION = YES;
				CLANG_WARN_COMMA = YES;
				CLANG_WARN_CONSTANT_CONVERSION = YES;
				CLANG_WARN_DEPRECATED_OBJC_IMPLEMENTATIONS = YES;
				CLANG_WARN_DIRECT_OBJC_ISA_USAGE = YES_ERROR;
				CLANG_WARN_DOCUMENTATION_COMMENTS = YES;
				CLANG_WARN_EMPTY_BODY = YES;
				CLANG_WARN_ENUM_CONVERSION = YES;
				CLANG_WARN_INFINITE_RECURSION = YES;
				CLANG_WARN_INT_CONVERSION = YES;
				CLANG_WARN_NON_LITERAL_NULL_CONVERSION = YES;
				CLANG_WARN_OBJC_IMPLICIT_RETAIN_SELF = YES;
				CLANG_WARN_OBJC_LITERAL_CONVERSION = YES;
				CLANG_WARN_OBJC_ROOT_CLASS = YES_ERROR;
				CLANG_WARN_QUOTED_INCLUDE_IN_FRAMEWORK_HEADER = YES;
				CLANG_WARN_RANGE_LOOP_ANALYSIS = YES;
				CLANG_WARN_STRICT_PROTOTYPES = YES;
				CLANG_WARN_SUSPICIOUS_MOVE = YES;
				CLANG_WARN_UNGUARDED_AVAILABILITY = YES_AGGRESSIVE;
				CLANG_WARN_UNREACHABLE_CODE = YES;
				CLANG_WARN__DUPLICATE_METHOD_MATCH = YES;
				COPY_PHASE_STRIP = NO;
				DEBUG_INFORMATION_FORMAT = "dwarf-with-dsym";
				DEVELOPMENT_TEAM = P887QF74N8;
				ENABLE_NS_ASSERTIONS = NO;
				ENABLE_STRICT_OBJC_MSGSEND = YES;
				ENABLE_USER_SCRIPT_SANDBOXING = YES;
				GCC_C_LANGUAGE_STANDARD = gnu11;
				GCC_NO_COMMON_BLOCKS = YES;
				GCC_WARN_64_TO_32_BIT_CONVERSION = YES;
				GCC_WARN_ABOUT_RETURN_TYPE = YES_ERROR;
				GCC_WARN_UNDECLARED_SELECTOR = YES;
				GCC_WARN_UNINITIALIZED_AUTOS = YES_AGGRESSIVE;
				GCC_WARN_UNUSED_FUNCTION = YES;
				GCC_WARN_UNUSED_VARIABLE = YES;
				MTL_ENABLE_DEBUG_INFO = NO;
				MTL_FAST_MATH = YES;
				SDKROOT = iphoneos;
				STRING_CATALOG_GENERATE_SYMBOLS = YES;
				SWIFT_COMPILATION_MODE = wholemodule;
				SWIFT_OPTIMIZATION_LEVEL = "-O";
				VALIDATE_PRODUCT = YES;
			};
			name = Release;
		};
		AE6886E1579ECAA4391FAE70 /* Release */ = {
			isa = XCBuildConfiguration;
			buildSettings = {
				ALWAYS_EMBED_SWIFT_STANDARD_LIBRARIES = NO;
				CLANG_ENABLE_OBJC_WEAK = NO;
				CODE_SIGN_ENTITLEMENTS = FastWeatherWidget/FastWeatherWidget.entitlements;
				CODE_SIGN_IDENTITY = "Apple Development";
				CODE_SIGN_STYLE = Automatic;
				CURRENT_PROJECT_VERSION = 2;
				DEFINES_MODULE = YES;
				DEVELOPMENT_TEAM = P887QF74N8;
				ENABLE_APP_SANDBOX = NO;
				INFOPLIST_FILE = FastWeatherWidget/Info.plist;
				IPHONEOS_DEPLOYMENT_TARGET = 17.0;
				LD_RUNPATH_SEARCH_PATHS = (
					"$(inherited)",
					"@executable_path/../../Frameworks",
				);
				MARKETING_VERSION = 1.6.0;
				PRODUCT_BUNDLE_IDENTIFIER = com.weatherfast.app.widget;
				PRODUCT_NAME = "$(TARGET_NAME)";
				PROVISIONING_PROFILE_SPECIFIER = "";
				SDKROOT = iphoneos;
				SKIP_INSTALL = YES;
				SWIFT_VERSION = 5.0;
				TARGETED_DEVICE_FAMILY = "1,2";
				VALIDATE_PRODUCT = YES;
			};
			name = Release;
		};
		FC64D4DB6FFC9169AE661FFE /* Debug */ = {
			isa = XCBuildConfiguration;
			buildSettings = {
				ALWAYS_EMBED_SWIFT_STANDARD_LIBRARIES = NO;
				CLANG_ENABLE_OBJC_WEAK = NO;
				CODE_SIGN_ENTITLEMENTS = FastWeatherWidget/FastWeatherWidget.entitlements;
				CODE_SIGN_IDENTITY = "Apple Development";
				CODE_SIGN_STYLE = Automatic;
				CURRENT_PROJECT_VERSION = 2;
				DEFINES_MODULE = YES;
				DEVELOPMENT_TEAM = P887QF74N8;
				ENABLE_APP_SANDBOX = NO;
				INFOPLIST_FILE = FastWeatherWidget/Info.plist;
				IPHONEOS_DEPLOYMENT_TARGET = 17.0;
				LD_RUNPATH_SEARCH_PATHS = (
					"$(inherited)",
					"@executable_path/../../Frameworks",
				);
				MARKETING_VERSION = 1.6.0;
				PRODUCT_BUNDLE_IDENTIFIER = com.weatherfast.app.widget;
				PRODUCT_NAME = "$(TARGET_NAME)";
				PROVISIONING_PROFILE_SPECIFIER = "";
				SDKROOT = iphoneos;
				SKIP_INSTALL = YES;
				SWIFT_VERSION = 5.0;
				TARGETED_DEVICE_FAMILY = "1,2";
			};
			name = Debug;
		};
/* End XCBuildConfiguration section */

/* Begin XCConfigurationList section */
		0F8415B8395A1EC0C3EF85A2 /* Build configuration list for PBXNativeTarget "FastWeatherWidget" */ = {
			isa = XCConfigurationList;
			buildConfigurations = (
				AE6886E1579ECAA4391FAE70 /* Release */,
				FC64D4DB6FFC9169AE661FFE /* Debug */,
			);
			defaultConfigurationIsVisible = 0;
			defaultConfigurationName = Release;
		};
		A0FFFFFB4 /* Build configuration list for PBXProject "FastWeather" */ = {
			isa = XCConfigurationList;
			buildConfigurations = (
				A0FFFFFE4 /* Debug */,
				A0FFFFFE5 /* Release */,
			);
			defaultConfigurationIsVisible = 0;
			defaultConfigurationName = Release;
		};
		A0FFFFFE1 /* Build configuration list for PBXNativeTarget "FastWeather" */ = {
			isa = XCConfigurationList;
			buildConfigurations = (
				A0FFFFFE2 /* Debug */,
				A0FFFFFE3 /* Release */,
			);
			defaultConfigurationIsVisible = 0;
			defaultConfigurationName = Release;
		};
		F447D0113C475207F92C3825 /* Build configuration list for PBXNativeTarget "FastWeatherTests" */ = {
			isa = XCConfigurationList;
			buildConfigurations = (
				41DE0A0A3FF59EC96A1C8F5E /* Release */,
				3CA3E6E9B0BF87DB8001B694 /* Debug */,
			);
			defaultConfigurationIsVisible = 0;
			defaultConfigurationName = Release;
		};
/* End XCConfigurationList section */
	};
	rootObject = A0FFFFFB1 /* Project object */;
}
